
Microsoft Visual Studio Solution File, Format Version 12.00
# Visual Studio Version 16
VisualStudioVersion = 16.0.30309.148
MinimumVisualStudioVersion = 10.0.40219.1
Project("{FAE04EC0-301F-11D3-BF4B-00C04F79EFBC}") = "Mail.ru_Tests", "Mail.ru_Tests\Mail.ru_Tests.csproj", "{CD348FAE-8120-44DD-96E4-517CD60AD199}"
EndProject
Global
	GlobalSection(SolutionConfigurationPlatforms) = preSolution
		Debug|Any CPU = Debug|Any CPU
		Release|Any CPU = Release|Any CPU
	EndGlobalSection
	GlobalSection(ProjectConfigurationPlatforms) = postSolution
		{CD348FAE-8120-44DD-96E4-517CD60AD199}.Debug|Any CPU.ActiveCfg = Debug|Any CPU
		{CD348FAE-8120-44DD-96E4-517CD60AD199}.Debug|Any CPU.Build.0 = Debug|Any CPU
		{CD348FAE-8120-44DD-96E4-517CD60AD199}.Release|Any CPU.ActiveCfg = Release|Any CPU
		{CD348FAE-8120-44DD-96E4-517CD60AD199}.Release|Any CPU.Build.0 = Release|Any CPU
	EndGlobalSection
	GlobalSection(SolutionProperties) = preSolution
		HideSolutionNode = FALSE
	EndGlobalSection
	GlobalSection(ExtensibilityGlobals) = postSolution
		SolutionGuid = {2CD07160-B4B0-4042-BA41-6BEDF707C1B0}
	EndGlobalSection
EndGlobal
